Microsoft Visual Studio Solution File, Format Version 12.00
# Visual Studio 14
VisualStudioVersion = 14.0.25420.1
MinimumVisualStudioVersion = 10.0.40219.1
Project("{FAE04EC0-301F-11D3-BF4B-00C04F79EFBC}") = "OnionTemplate", "OnionTemplate\OnionTemplate\OnionTemplate.csproj", "{7078BCBC-4C6F-4279-BE9A-DD14DAF6B466}"
EndProject
Project("{FAE04EC0-301F-11D3-BF4B-00C04F79EFBC}") = "OnionTemplate.iOS", "OnionTemplate\iOS\OnionTemplate.iOS.csproj", "{8B6CFC56-F2A6-4850-AE1C-D15D36D8F60B}"
EndProject
Project("{FAE04EC0-301F-11D3-BF4B-00C04F79EFBC}") = "OnionTemplate.Droid", "OnionTemplate\Droid\OnionTemplate.Droid.csproj", "{038FA0E3-8CFC-4A17-880A-E30D06B5B3C9}"
EndProject
Project("{FAE04EC0-301F-11D3-BF4B-00C04F79EFBC}") = "OnionTemplate.UITests", "OnionTemplate\UITests\OnionTemplate.UITests.csproj", "{86468527-8F39-437D-A0E8-F18AA77285D1}"
EndProject
Project("{2150E333-8FDC-42A3-9474-1A3956D46DE8}") = "01 - Domain", "01 - Domain", "{F3A9F55C-9B92-4034-87A5-81BCC7BE1782}"
EndProject
Project("{2150E333-8FDC-42A3-9474-1A3956D46DE8}") = "02 - Application", "02 - Application", "{402D5C03-17A4-49B9-B22A-4A3E8CAF7184}"
EndProject
Project("{2150E333-8FDC-42A3-9474-1A3956D46DE8}") = "03 - Infrastructure", "03 - Infrastructure", "{9F533D83-617C-4791-BF50-8CD77C01EA52}"
EndProject
Project("{2150E333-8FDC-42A3-9474-1A3956D46DE8}") = "04 - Clients", "04 - Clients", "{777BA55A-1C4C-478B-B508-EA5537025799}"
EndProject
Project("{2150E333-8FDC-42A3-9474-1A3956D46DE8}") = "05 - Platforms", "05 - Platforms", "{3120334D-9E9D-4EFC-A71A-7DE9B4BBB2A1}"
EndProject
Project("{2150E333-8FDC-42A3-9474-1A3956D46DE8}") = "07 - Tests", "07 - Tests", "{B9F5B2D3-1044-4881-B80D-7907C147300A}"
EndProject
Project("{FAE04EC0-301F-11D3-BF4B-00C04F79EFBC}") = "OnionTemplate.Infrastructure.Data", "OnionTemplate\OnionTemplate.Infrastructure.Data\OnionTemplate.Infrastructure.Data.csproj", "{B404E7D1-17BA-485E-99AE-8A2AAF30958F}"
EndProject
Project("{FAE04EC0-301F-11D3-BF4B-00C04F79EFBC}") = "OnionTemplate.Infrastructure.Business", "OnionTemplate\OnionTemplate.Infrastructure.Business\OnionTemplate.Infrastructure.Business.csproj", "{982D000B-90E7-48D1-BEF1-6A1CA98159B1}"
EndProject
Project("{FAE04EC0-301F-11D3-BF4B-00C04F79EFBC}") = "OnionTemplate.Application.Models", "OnionTemplate\OnionTemplate.Application.Models\OnionTemplate.Application.Models.csproj", "{B472E84F-BA59-40E8-9D1C-C2730AB3FD04}"
EndProject
Project("{FAE04EC0-301F-11D3-BF4B-00C04F79EFBC}") = "OnionTemplate.Application.Interfaces", "OnionTemplate\OnionTemplate.Application.Interfaces\OnionTemplate.Application.Interfaces.csproj", "{ABDC0B61-4BCC-49D1-A82E-15EA1B2F8EBE}"
EndProject
Project("{FAE04EC0-301F-11D3-BF4B-00C04F79EFBC}") = "OnionTemplate.Domain.Models", "OnionTemplate\OnionTemplate.Domain.Models\OnionTemplate.Domain.Models.csproj", "{5437E751-7B7B-4C76-B04E-8D1802916C9C}"
EndProject
Project("{FAE04EC0-301F-11D3-BF4B-00C04F79EFBC}") = "OnionTemplate.Domain.Interfaces", ""OnionTemplate\OnionTemplate.Domain.Interfaces\OnionTemplate.Domain.Interfaces.csproj", "{7EFEFAD2-471A-4197-93F1-628BB7A453FC}"
EndProject
Project("{2150E333-8FDC-42A3-9474-1A3956D46DE8}") = "06 - Binding", "06 - Binding", "{130408A1-6380-4146-8A7D-D6A54ECC16C5}"
EndProject
Project("{FAE04EC0-301F-11D3-BF4B-00C04F79EFBC}") = "ExampleiOSBinding", "OnionTemplate\ExampleiOSBinding\ExampleiOSBinding.csproj", "{9DF89C4C-18AD-41E3-AA49-19A8C0164E7C}"
EndProject
Project("{FAE04EC0-301F-11D3-BF4B-00C04F79EFBC}") = "ExampleAndroidBinding", "OnionTemplate\ExampleAndroidBinding\ExampleAndroidBinding.csproj", "{0F4881A7-0782-44BE-93B5-67A660519783}"
EndProject
Project("{FAE04EC0-301F-11D3-BF4B-00C04F79EFBC}") = "OnionTemplate.Controls", "OnionTemplate\OnionTemplate.Controls\OnionTemplate.Controls.csproj", "{06BA14A8-1A64-45A5-AA86-9C43FF6476C5}"
EndProject
Project("{FAE04EC0-301F-11D3-BF4B-00C04F79EFBC}") = "OnionTemplate.UWP", "OnionTemplate\OnionTemplate.UWP\OnionTemplate.UWP.csproj", "{AE3962E9-042D-4BE9-B0C8-8177BDCBA79F}"
EndProject
Global
	GlobalSection(SolutionConfigurationPlatforms) = preSolution
		Debug|Any CPU = Debug|Any CPU
		Debug|ARM = Debug|ARM
		Debug|iPhone = Debug|iPhone
		Debug|iPhoneSimulator = Debug|iPhoneSimulator
		Debug|x64 = Debug|x64
		Debug|x86 = Debug|x86
		Release|Any CPU = Release|Any CPU
		Release|ARM = Release|ARM
		Release|iPhone = Release|iPhone
		Release|iPhoneSimulator = Release|iPhoneSimulator
		Release|x64 = Release|x64
		Release|x86 = Release|x86
	EndGlobalSection
	GlobalSection(ProjectConfigurationPlatforms) = postSolution
		{7078BCBC-4C6F-4279-BE9A-DD14DAF6B466}.Debug|Any CPU.ActiveCfg = Debug|Any CPU
		{7078BCBC-4C6F-4279-BE9A-DD14DAF6B466}.Debug|Any CPU.Build.0 = Debug|Any CPU
		{7078BCBC-4C6F-4279-BE9A-DD14DAF6B466}.Debug|ARM.ActiveCfg = Debug|Any CPU
		{7078BCBC-4C6F-4279-BE9A-DD14DAF6B466}.Debug|ARM.Build.0 = Debug|Any CPU
		{7078BCBC-4C6F-4279-BE9A-DD14DAF6B466}.Debug|iPhone.ActiveCfg = Debug|Any CPU
		{7078BCBC-4C6F-4279-BE9A-DD14DAF6B466}.Debug|iPhone.Build.0 = Debug|Any CPU
		{7078BCBC-4C6F-4279-BE9A-DD14DAF6B466}.Debug|iPhoneSimulator.ActiveCfg = Debug|Any CPU
		{7078BCBC-4C6F-4279-BE9A-DD14DAF6B466}.Debug|iPhoneSimulator.Build.0 = Debug|Any CPU
		{7078BCBC-4C6F-4279-BE9A-DD14DAF6B466}.Debug|x64.ActiveCfg = Debug|Any CPU
		{7078BCBC-4C6F-4279-BE9A-DD14DAF6B466}.Debug|x64.Build.0 = Debug|Any CPU
		{7078BCBC-4C6F-4279-BE9A-DD14DAF6B466}.Debug|x86.ActiveCfg = Debug|Any CPU
		{7078BCBC-4C6F-4279-BE9A-DD14DAF6B466}.Debug|x86.Build.0 = Debug|Any CPU
		{7078BCBC-4C6F-4279-BE9A-DD14DAF6B466}.Release|Any CPU.ActiveCfg = Release|Any CPU
		{7078BCBC-4C6F-4279-BE9A-DD14DAF6B466}.Release|Any CPU.Build.0 = Release|Any CPU
		{7078BCBC-4C6F-4279-BE9A-DD14DAF6B466}.Release|ARM.ActiveCfg = Release|Any CPU
		{7078BCBC-4C6F-4279-BE9A-DD14DAF6B466}.Release|ARM.Build.0 = Release|Any CPU
		{7078BCBC-4C6F-4279-BE9A-DD14DAF6B466}.Release|iPhone.ActiveCfg = Release|Any CPU
		{7078BCBC-4C6F-4279-BE9A-DD14DAF6B466}.Release|iPhone.Build.0 = Release|Any CPU
		{7078BCBC-4C6F-4279-BE9A-DD14DAF6B466}.Release|iPhoneSimulator.ActiveCfg = Release|Any CPU
		{7078BCBC-4C6F-4279-BE9A-DD14DAF6B466}.Release|iPhoneSimulator.Build.0 = Release|Any CPU
		{7078BCBC-4C6F-4279-BE9A-DD14DAF6B466}.Release|x64.ActiveCfg = Release|Any CPU
		{7078BCBC-4C6F-4279-BE9A-DD14DAF6B466}.Release|x64.Build.0 = Release|Any CPU
		{7078BCBC-4C6F-4279-BE9A-DD14DAF6B466}.Release|x86.ActiveCfg = Release|Any CPU
		{7078BCBC-4C6F-4279-BE9A-DD14DAF6B466}.Release|x86.Build.0 = Release|Any CPU
		{8B6CFC56-F2A6-4850-AE1C-D15D36D8F60B}.Debug|Any CPU.ActiveCfg = Debug|iPhoneSimulator
		{8B6CFC56-F2A6-4850-AE1C-D15D36D8F60B}.Debug|Any CPU.Build.0 = Debug|iPhoneSimulator
		{8B6CFC56-F2A6-4850-AE1C-D15D36D8F60B}.Debug|ARM.ActiveCfg = Debug|iPhone
		{8B6CFC56-F2A6-4850-AE1C-D15D36D8F60B}.Debug|iPhone.ActiveCfg = Debug|iPhone
		{8B6CFC56-F2A6-4850-AE1C-D15D36D8F60B}.Debug|iPhone.Build.0 = Debug|iPhone
		{8B6CFC56-F2A6-4850-AE1C-D15D36D8F60B}.Debug|iPhoneSimulator.ActiveCfg = Debug|iPhoneSimulator
		{8B6CFC56-F2A6-4850-AE1C-D15D36D8F60B}.Debug|iPhoneSimulator.Build.0 = Debug|iPhoneSimulator
		{8B6CFC56-F2A6-4850-AE1C-D15D36D8F60B}.Debug|x64.ActiveCfg = Debug|iPhone
		{8B6CFC56-F2A6-4850-AE1C-D15D36D8F60B}.Debug|x86.ActiveCfg = Debug|iPhone
		{8B6CFC56-F2A6-4850-AE1C-D15D36D8F60B}.Release|Any CPU.ActiveCfg = Release|iPhone
		{8B6CFC56-F2A6-4850-AE1C-D15D36D8F60B}.Release|Any CPU.Build.0 = Release|iPhone
		{8B6CFC56-F2A6-4850-AE1C-D15D36D8F60B}.Release|ARM.ActiveCfg = Release|iPhoneSimulator
		{8B6CFC56-F2A6-4850-AE1C-D15D36D8F60B}.Release|iPhone.ActiveCfg = Release|iPhone
		{8B6CFC56-F2A6-4850-AE1C-D15D36D8F60B}.Release|iPhone.Build.0 = Release|iPhone
		{8B6CFC56-F2A6-4850-AE1C-D15D36D8F60B}.Release|iPhoneSimulator.ActiveCfg = Release|iPhoneSimulator
		{8B6CFC56-F2A6-4850-AE1C-D15D36D8F60B}.Release|iPhoneSimulator.Build.0 = Release|iPhoneSimulator
		{8B6CFC56-F2A6-4850-AE1C-D15D36D8F60B}.Release|x64.ActiveCfg = Release|iPhoneSimulator
		{8B6CFC56-F2A6-4850-AE1C-D15D36D8F60B}.Release|x86.ActiveCfg = Release|iPhoneSimulator
		{038FA0E3-8CFC-4A17-880A-E30D06B5B3C9}.Debug|Any CPU.ActiveCfg = Debug|Any CPU
		{038FA0E3-8CFC-4A17-880A-E30D06B5B3C9}.Debug|Any CPU.Build.0 = Debug|Any CPU
		{038FA0E3-8CFC-4A17-880A-E30D06B5B3C9}.Debug|Any CPU.Deploy.0 = Debug|Any CPU
		{038FA0E3-8CFC-4A17-880A-E30D06B5B3C9}.Debug|ARM.ActiveCfg = Debug|Any CPU
		{038FA0E3-8CFC-4A17-880A-E30D06B5B3C9}.Debug|ARM.Build.0 = Debug|Any CPU
		{038FA0E3-8CFC-4A17-880A-E30D06B5B3C9}.Debug|ARM.Deploy.0 = Debug|Any CPU
		{038FA0E3-8CFC-4A17-880A-E30D06B5B3C9}.Debug|iPhone.ActiveCfg = Debug|Any CPU
		{038FA0E3-8CFC-4A17-880A-E30D06B5B3C9}.Debug|iPhone.Build.0 = Debug|Any CPU
		{038FA0E3-8CFC-4A17-880A-E30D06B5B3C9}.Debug|iPhoneSimulator.ActiveCfg = Debug|Any CPU
		{038FA0E3-8CFC-4A17-880A-E30D06B5B3C9}.Debug|iPhoneSimulator.Build.0 = Debug|Any CPU
		{038FA0E3-8CFC-4A17-880A-E30D06B5B3C9}.Debug|x64.ActiveCfg = Debug|Any CPU
		{038FA0E3-8CFC-4A17-880A-E30D06B5B3C9}.Debug|x64.Build.0 = Debug|Any CPU
		{038FA0E3-8CFC-4A17-880A-E30D06B5B3C9}.Debug|x64.Deploy.0 = Debug|Any CPU
		{038FA0E3-8CFC-4A17-880A-E30D06B5B3C9}.Debug|x86.ActiveCfg = Debug|Any CPU
		{038FA0E3-8CFC-4A17-880A-E30D06B5B3C9}.Debug|x86.Build.0 = Debug|Any CPU
		{038FA0E3-8CFC-4A17-880A-E30D06B5B3C9}.Debug|x86.Deploy.0 = Debug|Any CPU
		{038FA0E3-8CFC-4A17-880A-E30D06B5B3C9}.Release|Any CPU.ActiveCfg = Release|Any CPU
		{038FA0E3-8CFC-4A17-880A-E30D06B5B3C9}.Release|Any CPU.Build.0 = Release|Any CPU
		{038FA0E3-8CFC-4A17-880A-E30D06B5B3C9}.Release|ARM.ActiveCfg = Release|Any CPU
		{038FA0E3-8CFC-4A17-880A-E30D06B5B3C9}.Release|ARM.Build.0 = Release|Any CPU
		{038FA0E3-8CFC-4A17-880A-E30D06B5B3C9}.Release|ARM.Deploy.0 = Release|Any CPU
		{038FA0E3-8CFC-4A17-880A-E30D06B5B3C9}.Release|iPhone.ActiveCfg = Release|Any CPU
		{038FA0E3-8CFC-4A17-880A-E30D06B5B3C9}.Release|iPhone.Build.0 = Release|Any CPU
		{038FA0E3-8CFC-4A17-880A-E30D06B5B3C9}.Release|iPhoneSimulator.ActiveCfg = Release|Any CPU
		{038FA0E3-8CFC-4A17-880A-E30D06B5B3C9}.Release|iPhoneSimulator.Build.0 = Release|Any CPU
		{038FA0E3-8CFC-4A17-880A-E30D06B5B3C9}.Release|x64.ActiveCfg = Release|Any CPU
		{038FA0E3-8CFC-4A17-880A-E30D06B5B3C9}.Release|x64.Build.0 = Release|Any CPU
		{038FA0E3-8CFC-4A17-880A-E30D06B5B3C9}.Release|x64.Deploy.0 = Release|Any CPU
		{038FA0E3-8CFC-4A17-880A-E30D06B5B3C9}.Release|x86.ActiveCfg = Release|Any CPU
		{038FA0E3-8CFC-4A17-880A-E30D06B5B3C9}.Release|x86.Build.0 = Release|Any CPU
		{038FA0E3-8CFC-4A17-880A-E30D06B5B3C9}.Release|x86.Deploy.0 = Release|Any CPU
		{86468527-8F39-437D-A0E8-F18AA77285D1}.Debug|Any CPU.ActiveCfg = Debug|Any CPU
		{86468527-8F39-437D-A0E8-F18AA77285D1}.Debug|Any CPU.Build.0 = Debug|Any CPU
		{86468527-8F39-437D-A0E8-F18AA77285D1}.Debug|ARM.ActiveCfg = Debug|Any CPU
		{86468527-8F39-437D-A0E8-F18AA77285D1}.Debug|ARM.Build.0 = Debug|Any CPU
		{86468527-8F39-437D-A0E8-F18AA77285D1}.Debug|iPhone.ActiveCfg = Debug|Any CPU
		{86468527-8F39-437D-A0E8-F18AA77285D1}.Debug|iPhone.Build.0 = Debug|Any CPU
		{86468527-8F39-437D-A0E8-F18AA77285D1}.Debug|iPhoneSimulator.ActiveCfg = Debug|Any CPU
		{86468527-8F39-437D-A0E8-F18AA77285D1}.Debug|iPhoneSimulator.Build.0 = Debug|Any CPU
		{86468527-8F39-437D-A0E8-F18AA77285D1}.Debug|x64.ActiveCfg = Debug|Any CPU
		{86468527-8F39-437D-A0E8-F18AA77285D1}.Debug|x64.Build.0 = Debug|Any CPU
		{86468527-8F39-437D-A0E8-F18AA77285D1}.Debug|x86.ActiveCfg = Debug|Any CPU
		{86468527-8F39-437D-A0E8-F18AA77285D1}.Debug|x86.Build.0 = Debug|Any CPU
		{86468527-8F39-437D-A0E8-F18AA77285D1}.Release|Any CPU.ActiveCfg = Release|Any CPU
		{86468527-8F39-437D-A0E8-F18AA77285D1}.Release|Any CPU.Build.0 = Release|Any CPU
		{86468527-8F39-437D-A0E8-F18AA77285D1}.Release|ARM.ActiveCfg = Release|Any CPU
		{86468527-8F39-437D-A0E8-F18AA77285D1}.Release|ARM.Build.0 = Release|Any CPU
		{86468527-8F39-437D-A0E8-F18AA77285D1}.Release|iPhone.ActiveCfg = Release|Any CPU
		{86468527-8F39-437D-A0E8-F18AA77285D1}.Release|iPhone.Build.0 = Release|Any CPU
		{86468527-8F39-437D-A0E8-F18AA77285D1}.Release|iPhoneSimulator.ActiveCfg = Release|Any CPU
		{86468527-8F39-437D-A0E8-F18AA77285D1}.Release|iPhoneSimulator.Build.0 = Release|Any CPU
		{86468527-8F39-437D-A0E8-F18AA77285D1}.Release|x64.ActiveCfg = Release|Any CPU
		{86468527-8F39-437D-A0E8-F18AA77285D1}.Release|x64.Build.0 = Release|Any CPU
		{86468527-8F39-437D-A0E8-F18AA77285D1}.Release|x86.ActiveCfg = Release|Any CPU
		{86468527-8F39-437D-A0E8-F18AA77285D1}.Release|x86.Build.0 = Release|Any CPU
		{B404E7D1-17BA-485E-99AE-8A2AAF30958F}.Debug|Any CPU.ActiveCfg = Debug|Any CPU
		{B404E7D1-17BA-485E-99AE-8A2AAF30958F}.Debug|Any CPU.Build.0 = Debug|Any CPU
		{B404E7D1-17BA-485E-99AE-8A2AAF30958F}.Debug|ARM.ActiveCfg = Debug|Any CPU
		{B404E7D1-17BA-485E-99AE-8A2AAF30958F}.Debug|ARM.Build.0 = Debug|Any CPU
		{B404E7D1-17BA-485E-99AE-8A2AAF30958F}.Debug|iPhone.ActiveCfg = Debug|Any CPU
		{B404E7D1-17BA-485E-99AE-8A2AAF30958F}.Debug|iPhone.Build.0 = Debug|Any CPU
		{B404E7D1-17BA-485E-99AE-8A2AAF30958F}.Debug|iPhoneSimulator.ActiveCfg = Debug|Any CPU
		{B404E7D1-17BA-485E-99AE-8A2AAF30958F}.Debug|iPhoneSimulator.Build.0 = Debug|Any CPU
		{B404E7D1-17BA-485E-99AE-8A2AAF30958F}.Debug|x64.ActiveCfg = Debug|Any CPU
		{B404E7D1-17BA-485E-99AE-8A2AAF30958F}.Debug|x64.Build.0 = Debug|Any CPU
		{B404E7D1-17BA-485E-99AE-8A2AAF30958F}.Debug|x86.ActiveCfg = Debug|Any CPU
		{B404E7D1-17BA-485E-99AE-8A2AAF30958F}.Debug|x86.Build.0 = Debug|Any CPU
		{B404E7D1-17BA-485E-99AE-8A2AAF30958F}.Release|Any CPU.ActiveCfg = Release|Any CPU
		{B404E7D1-17BA-485E-99AE-8A2AAF30958F}.Release|Any CPU.Build.0 = Release|Any CPU
		{B404E7D1-17BA-485E-99AE-8A2AAF30958F}.Release|ARM.ActiveCfg = Release|Any CPU
		{B404E7D1-17BA-485E-99AE-8A2AAF30958F}.Release|ARM.Build.0 = Release|Any CPU
		{B404E7D1-17BA-485E-99AE-8A2AAF30958F}.Release|iPhone.ActiveCfg = Release|Any CPU
		{B404E7D1-17BA-485E-99AE-8A2AAF30958F}.Release|iPhone.Build.0 = Release|Any CPU
		{B404E7D1-17BA-485E-99AE-8A2AAF30958F}.Release|iPhoneSimulator.ActiveCfg = Release|Any CPU
		{B404E7D1-17BA-485E-99AE-8A2AAF30958F}.Release|iPhoneSimulator.Build.0 = Release|Any CPU
		{B404E7D1-17BA-485E-99AE-8A2AAF30958F}.Release|x64.ActiveCfg = Release|Any CPU
		{B404E7D1-17BA-485E-99AE-8A2AAF30958F}.Release|x64.Build.0 = Release|Any CPU
		{B404E7D1-17BA-485E-99AE-8A2AAF30958F}.Release|x86.ActiveCfg = Release|Any CPU
		{B404E7D1-17BA-485E-99AE-8A2AAF30958F}.Release|x86.Build.0 = Release|Any CPU
		{982D000B-90E7-48D1-BEF1-6A1CA98159B1}.Debug|Any CPU.ActiveCfg = Debug|Any CPU
		{982D000B-90E7-48D1-BEF1-6A1CA98159B1}.Debug|Any CPU.Build.0 = Debug|Any CPU
		{982D000B-90E7-48D1-BEF1-6A1CA98159B1}.Debug|ARM.ActiveCfg = Debug|Any CPU
		{982D000B-90E7-48D1-BEF1-6A1CA98159B1}.Debug|ARM.Build.0 = Debug|Any CPU
		{982D000B-90E7-48D1-BEF1-6A1CA98159B1}.Debug|iPhone.ActiveCfg = Debug|Any CPU
		{982D000B-90E7-48D1-BEF1-6A1CA98159B1}.Debug|iPhone.Build.0 = Debug|Any CPU
		{982D000B-90E7-48D1-BEF1-6A1CA98159B1}.Debug|iPhoneSimulator.ActiveCfg = Debug|Any CPU
		{982D000B-90E7-48D1-BEF1-6A1CA98159B1}.Debug|iPhoneSimulator.Build.0 = Debug|Any CPU
		{982D000B-90E7-48D1-BEF1-6A1CA98159B1}.Debug|x64.ActiveCfg = Debug|Any CPU
		{982D000B-90E7-48D1-BEF1-6A1CA98159B1}.Debug|x64.Build.0 = Debug|Any CPU
		{982D000B-90E7-48D1-BEF1-6A1CA98159B1}.Debug|x86.ActiveCfg = Debug|Any CPU
		{982D000B-90E7-48D1-BEF1-6A1CA98159B1}.Debug|x86.Build.0 = Debug|Any CPU
		{982D000B-90E7-48D1-BEF1-6A1CA98159B1}.Release|Any CPU.ActiveCfg = Release|Any CPU
		{982D000B-90E7-48D1-BEF1-6A1CA98159B1}.Release|Any CPU.Build.0 = Release|Any CPU
		{982D000B-90E7-48D1-BEF1-6A1CA98159B1}.Release|ARM.ActiveCfg = Release|Any CPU
		{982D000B-90E7-48D1-BEF1-6A1CA98159B1}.Release|ARM.Build.0 = Release|Any CPU
		{982D000B-90E7-48D1-BEF1-6A1CA98159B1}.Release|iPhone.ActiveCfg = Release|Any CPU
		{982D000B-90E7-48D1-BEF1-6A1CA98159B1}.Release|iPhone.Build.0 = Release|Any CPU
		{982D000B-90E7-48D1-BEF1-6A1CA98159B1}.Release|iPhoneSimulator.ActiveCfg = Release|Any CPU
		{982D000B-90E7-48D1-BEF1-6A1CA98159B1}.Release|iPhoneSimulator.Build.0 = Release|Any CPU
		{982D000B-90E7-48D1-BEF1-6A1CA98159B1}.Release|x64.ActiveCfg = Release|Any CPU
		{982D000B-90E7-48D1-BEF1-6A1CA98159B1}.Release|x64.Build.0 = Release|Any CPU
		{982D000B-90E7-48D1-BEF1-6A1CA98159B1}.Release|x86.ActiveCfg = Release|Any CPU
		{982D000B-90E7-48D1-BEF1-6A1CA98159B1}.Release|x86.Build.0 = Release|Any CPU
		{B472E84F-BA59-40E8-9D1C-C2730AB3FD04}.Debug|Any CPU.ActiveCfg = Debug|Any CPU
		{B472E84F-BA59-40E8-9D1C-C2730AB3FD04}.Debug|Any CPU.Build.0 = Debug|Any CPU
		{B472E84F-BA59-40E8-9D1C-C2730AB3FD04}.Debug|ARM.ActiveCfg = Debug|Any CPU
		{B472E84F-BA59-40E8-9D1C-C2730AB3FD04}.Debug|ARM.Build.0 = Debug|Any CPU
		{B472E84F-BA59-40E8-9D1C-C2730AB3FD04}.Debug|iPhone.ActiveCfg = Debug|Any CPU
		{B472E84F-BA59-40E8-9D1C-C2730AB3FD04}.Debug|iPhone.Build.0 = Debug|Any CPU
		{B472E84F-BA59-40E8-9D1C-C2730AB3FD04}.Debug|iPhoneSimulator.ActiveCfg = Debug|Any CPU
		{B472E84F-BA59-40E8-9D1C-C2730AB3FD04}.Debug|iPhoneSimulator.Build.0 = Debug|Any CPU
		{B472E84F-BA59-40E8-9D1C-C2730AB3FD04}.Debug|x64.ActiveCfg = Debug|Any CPU
		{B472E84F-BA59-40E8-9D1C-C2730AB3FD04}.Debug|x64.Build.0 = Debug|Any CPU
		{B472E84F-BA59-40E8-9D1C-C2730AB3FD04}.Debug|x86.ActiveCfg = Debug|Any CPU
		{B472E84F-BA59-40E8-9D1C-C2730AB3FD04}.Debug|x86.Build.0 = Debug|Any CPU
		{B472E84F-BA59-40E8-9D1C-C2730AB3FD04}.Release|Any CPU.ActiveCfg = Release|Any CPU
		{B472E84F-BA59-40E8-9D1C-C2730AB3FD04}.Release|Any CPU.Build.0 = Release|Any CPU
		{B472E84F-BA59-40E8-9D1C-C2730AB3FD04}.Release|ARM.ActiveCfg = Release|Any CPU
		{B472E84F-BA59-40E8-9D1C-C2730AB3FD04}.Release|ARM.Build.0 = Release|Any CPU
		{B472E84F-BA59-40E8-9D1C-C2730AB3FD04}.Release|iPhone.ActiveCfg = Release|Any CPU
		{B472E84F-BA59-40E8-9D1C-C2730AB3FD04}.Release|iPhone.Build.0 = Release|Any CPU
		{B472E84F-BA59-40E8-9D1C-C2730AB3FD04}.Release|iPhoneSimulator.ActiveCfg = Release|Any CPU
		{B472E84F-BA59-40E8-9D1C-C2730AB3FD04}.Release|iPhoneSimulator.Build.0 = Release|Any CPU
		{B472E84F-BA59-40E8-9D1C-C2730AB3FD04}.Release|x64.ActiveCfg = Release|Any CPU
		{B472E84F-BA59-40E8-9D1C-C2730AB3FD04}.Release|x64.Build.0 = Release|Any CPU
		{B472E84F-BA59-40E8-9D1C-C2730AB3FD04}.Release|x86.ActiveCfg = Release|Any CPU
		{B472E84F-BA59-40E8-9D1C-C2730AB3FD04}.Release|x86.Build.0 = Release|Any CPU
		{ABDC0B61-4BCC-49D1-A82E-15EA1B2F8EBE}.Debug|Any CPU.ActiveCfg = Debug|Any CPU
		{ABDC0B61-4BCC-49D1-A82E-15EA1B2F8EBE}.Debug|Any CPU.Build.0 = Debug|Any CPU
		{ABDC0B61-4BCC-49D1-A82E-15EA1B2F8EBE}.Debug|ARM.ActiveCfg = Debug|Any CPU
		{ABDC0B61-4BCC-49D1-A82E-15EA1B2F8EBE}.Debug|ARM.Build.0 = Debug|Any CPU
		{ABDC0B61-4BCC-49D1-A82E-15EA1B2F8EBE}.Debug|iPhone.ActiveCfg = Debug|Any CPU
		{ABDC0B61-4BCC-49D1-A82E-15EA1B2F8EBE}.Debug|iPhone.Build.0 = Debug|Any CPU
		{ABDC0B61-4BCC-49D1-A82E-15EA1B2F8EBE}.Debug|iPhoneSimulator.ActiveCfg = Debug|Any CPU
		{ABDC0B61-4BCC-49D1-A82E-15EA1B2F8EBE}.Debug|iPhoneSimulator.Build.0 = Debug|Any CPU
		{ABDC0B61-4BCC-49D1-A82E-15EA1B2F8EBE}.Debug|x64.ActiveCfg = Debug|Any CPU
		{ABDC0B61-4BCC-49D1-A82E-15EA1B2F8EBE}.Debug|x64.Build.0 = Debug|Any CPU
		{ABDC0B61-4BCC-49D1-A82E-15EA1B2F8EBE}.Debug|x86.ActiveCfg = Debug|Any CPU
		{ABDC0B61-4BCC-49D1-A82E-15EA1B2F8EBE}.Debug|x86.Build.0 = Debug|Any CPU
		{ABDC0B61-4BCC-49D1-A82E-15EA1B2F8EBE}.Release|Any CPU.ActiveCfg = Release|Any CPU
		{ABDC0B61-4BCC-49D1-A82E-15EA1B2F8EBE}.Release|Any CPU.Build.0 = Release|Any CPU
		{ABDC0B61-4BCC-49D1-A82E-15EA1B2F8EBE}.Release|ARM.ActiveCfg = Release|Any CPU
		{ABDC0B61-4BCC-49D1-A82E-15EA1B2F8EBE}.Release|ARM.Build.0 = Release|Any CPU
		{ABDC0B61-4BCC-49D1-A82E-15EA1B2F8EBE}.Release|iPhone.ActiveCfg = Release|Any CPU
		{ABDC0B61-4BCC-49D1-A82E-15EA1B2F8EBE}.Release|iPhone.Build.0 = Release|Any CPU
		{ABDC0B61-4BCC-49D1-A82E-15EA1B2F8EBE}.Release|iPhoneSimulator.ActiveCfg = Release|Any CPU
		{ABDC0B61-4BCC-49D1-A82E-15EA1B2F8EBE}.Release|iPhoneSimulator.Build.0 = Release|Any CPU
		{ABDC0B61-4BCC-49D1-A82E-15EA1B2F8EBE}.Release|x64.ActiveCfg = Release|Any CPU
		{ABDC0B61-4BCC-49D1-A82E-15EA1B2F8EBE}.Release|x64.Build.0 = Release|Any CPU
		{ABDC0B61-4BCC-49D1-A82E-15EA1B2F8EBE}.Release|x86.ActiveCfg = Release|Any CPU
		{ABDC0B61-4BCC-49D1-A82E-15EA1B2F8EBE}.Release|x86.Build.0 = Release|Any CPU
		{5437E751-7B7B-4C76-B04E-8D1802916C9C}.Debug|Any CPU.ActiveCfg = Debug|Any CPU
		{5437E751-7B7B-4C76-B04E-8D1802916C9C}.Debug|Any CPU.Build.0 = Debug|Any CPU
		{5437E751-7B7B-4C76-B04E-8D1802916C9C}.Debug|ARM.ActiveCfg = Debug|Any CPU
		{5437E751-7B7B-4C76-B04E-8D1802916C9C}.Debug|ARM.Build.0 = Debug|Any CPU
		{5437E751-7B7B-4C76-B04E-8D1802916C9C}.Debug|iPhone.ActiveCfg = Debug|Any CPU
		{5437E751-7B7B-4C76-B04E-8D1802916C9C}.Debug|iPhone.Build.0 = Debug|Any CPU
		{5437E751-7B7B-4C76-B04E-8D1802916C9C}.Debug|iPhoneSimulator.ActiveCfg = Debug|Any CPU
		{5437E751-7B7B-4C76-B04E-8D1802916C9C}.Debug|iPhoneSimulator.Build.0 = Debug|Any CPU
		{5437E751-7B7B-4C76-B04E-8D1802916C9C}.Debug|x64.ActiveCfg = Debug|Any CPU
		{5437E751-7B7B-4C76-B04E-8D1802916C9C}.Debug|x64.Build.0 = Debug|Any CPU
		{5437E751-7B7B-4C76-B04E-8D1802916C9C}.Debug|x86.ActiveCfg = Debug|Any CPU
		{5437E751-7B7B-4C76-B04E-8D1802916C9C}.Debug|x86.Build.0 = Debug|Any CPU
		{5437E751-7B7B-4C76-B04E-8D1802916C9C}.Release|Any CPU.ActiveCfg = Release|Any CPU
		{5437E751-7B7B-4C76-B04E-8D1802916C9C}.Release|Any CPU.Build.0 = Release|Any CPU
		{5437E751-7B7B-4C76-B04E-8D1802916C9C}.Release|ARM.ActiveCfg = Release|Any CPU
		{5437E751-7B7B-4C76-B04E-8D1802916C9C}.Release|ARM.Build.0 = Release|Any CPU
		{5437E751-7B7B-4C76-B04E-8D1802916C9C}.Release|iPhone.ActiveCfg = Release|Any CPU
		{5437E751-7B7B-4C76-B04E-8D1802916C9C}.Release|iPhone.Build.0 = Release|Any CPU
		{5437E751-7B7B-4C76-B04E-8D1802916C9C}.Release|iPhoneSimulator.ActiveCfg = Release|Any CPU
		{5437E751-7B7B-4C76-B04E-8D1802916C9C}.Release|iPhoneSimulator.Build.0 = Release|Any CPU
		{5437E751-7B7B-4C76-B04E-8D1802916C9C}.Release|x64.ActiveCfg = Release|Any CPU
		{5437E751-7B7B-4C76-B04E-8D1802916C9C}.Release|x64.Build.0 = Release|Any CPU
		{5437E751-7B7B-4C76-B04E-8D1802916C9C}.Release|x86.ActiveCfg = Release|Any CPU
		{5437E751-7B7B-4C76-B04E-8D1802916C9C}.Release|x86.Build.0 = Release|Any CPU
		{7EFEFAD2-471A-4197-93F1-628BB7A453FC}.Debug|Any CPU.ActiveCfg = Debug|Any CPU
		{7EFEFAD2-471A-4197-93F1-628BB7A453FC}.Debug|Any CPU.Build.0 = Debug|Any CPU
		{7EFEFAD2-471A-4197-93F1-628BB7A453FC}.Debug|ARM.ActiveCfg = Debug|Any CPU
		{7EFEFAD2-471A-4197-93F1-628BB7A453FC}.Debug|ARM.Build.0 = Debug|Any CPU
		{7EFEFAD2-471A-4197-93F1-628BB7A453FC}.Debug|iPhone.ActiveCfg = Debug|Any CPU
		{7EFEFAD2-471A-4197-93F1-628BB7A453FC}.Debug|iPhone.Build.0 = Debug|Any CPU
		{7EFEFAD2-471A-4197-93F1-628BB7A453FC}.Debug|iPhoneSimulator.ActiveCfg = Debug|Any CPU
		{7EFEFAD2-471A-4197-93F1-628BB7A453FC}.Debug|iPhoneSimulator.Build.0 = Debug|Any CPU
		{7EFEFAD2-471A-4197-93F1-628BB7A453FC}.Debug|x64.ActiveCfg = Debug|Any CPU
		{7EFEFAD2-471A-4197-93F1-628BB7A453FC}.Debug|x64.Build.0 = Debug|Any CPU
		{7EFEFAD2-471A-4197-93F1-628BB7A453FC}.Debug|x86.ActiveCfg = Debug|Any CPU
		{7EFEFAD2-471A-4197-93F1-628BB7A453FC}.Debug|x86.Build.0 = Debug|Any CPU
		{7EFEFAD2-471A-4197-93F1-628BB7A453FC}.Release|Any CPU.ActiveCfg = Release|Any CPU
		{7EFEFAD2-471A-4197-93F1-628BB7A453FC}.Release|Any CPU.Build.0 = Release|Any CPU
		{7EFEFAD2-471A-4197-93F1-628BB7A453FC}.Release|ARM.ActiveCfg = Release|Any CPU
		{7EFEFAD2-471A-4197-93F1-628BB7A453FC}.Release|ARM.Build.0 = Release|Any CPU
		{7EFEFAD2-471A-4197-93F1-628BB7A453FC}.Release|iPhone.ActiveCfg = Release|Any CPU
		{7EFEFAD2-471A-4197-93F1-628BB7A453FC}.Release|iPhone.Build.0 = Release|Any CPU
		{7EFEFAD2-471A-4197-93F1-628BB7A453FC}.Release|iPhoneSimulator.ActiveCfg = Release|Any CPU
		{7EFEFAD2-471A-4197-93F1-628BB7A453FC}.Release|iPhoneSimulator.Build.0 = Release|Any CPU
		{7EFEFAD2-471A-4197-93F1-628BB7A453FC}.Release|x64.ActiveCfg = Release|Any CPU
		{7EFEFAD2-471A-4197-93F1-628BB7A453FC}.Release|x64.Build.0 = Release|Any CPU
		{7EFEFAD2-471A-4197-93F1-628BB7A453FC}.Release|x86.ActiveCfg = Release|Any CPU
		{7EFEFAD2-471A-4197-93F1-628BB7A453FC}.Release|x86.Build.0 = Release|Any CPU
		{9DF89C4C-18AD-41E3-AA49-19A8C0164E7C}.Debug|Any CPU.ActiveCfg = Debug|Any CPU
		{9DF89C4C-18AD-41E3-AA49-19A8C0164E7C}.Debug|Any CPU.Build.0 = Debug|Any CPU
		{9DF89C4C-18AD-41E3-AA49-19A8C0164E7C}.Debug|ARM.ActiveCfg = Debug|Any CPU
		{9DF89C4C-18AD-41E3-AA49-19A8C0164E7C}.Debug|iPhone.ActiveCfg = Debug|Any CPU
		{9DF89C4C-18AD-41E3-AA49-19A8C0164E7C}.Debug|iPhone.Build.0 = Debug|Any CPU
		{9DF89C4C-18AD-41E3-AA49-19A8C0164E7C}.Debug|iPhoneSimulator.ActiveCfg = Debug|Any CPU
		{9DF89C4C-18AD-41E3-AA49-19A8C0164E7C}.Debug|iPhoneSimulator.Build.0 = Debug|Any CPU
		{9DF89C4C-18AD-41E3-AA49-19A8C0164E7C}.Debug|x64.ActiveCfg = Debug|Any CPU
		{9DF89C4C-18AD-41E3-AA49-19A8C0164E7C}.Debug|x86.ActiveCfg = Debug|Any CPU
		{9DF89C4C-18AD-41E3-AA49-19A8C0164E7C}.Release|Any CPU.ActiveCfg = Release|Any CPU
		{9DF89C4C-18AD-41E3-AA49-19A8C0164E7C}.Release|Any CPU.Build.0 = Release|Any CPU
		{9DF89C4C-18AD-41E3-AA49-19A8C0164E7C}.Release|ARM.ActiveCfg = Release|Any CPU
		{9DF89C4C-18AD-41E3-AA49-19A8C0164E7C}.Release|iPhone.ActiveCfg = Release|Any CPU
		{9DF89C4C-18AD-41E3-AA49-19A8C0164E7C}.Release|iPhone.Build.0 = Release|Any CPU
		{9DF89C4C-18AD-41E3-AA49-19A8C0164E7C}.Release|iPhoneSimulator.ActiveCfg = Release|Any CPU
		{9DF89C4C-18AD-41E3-AA49-19A8C0164E7C}.Release|iPhoneSimulator.Build.0 = Release|Any CPU
		{9DF89C4C-18AD-41E3-AA49-19A8C0164E7C}.Release|x64.ActiveCfg = Release|Any CPU
		{9DF89C4C-18AD-41E3-AA49-19A8C0164E7C}.Release|x86.ActiveCfg = Release|Any CPU
		{0F4881A7-0782-44BE-93B5-67A660519783}.Debug|Any CPU.ActiveCfg = Debug|Any CPU
		{0F4881A7-0782-44BE-93B5-67A660519783}.Debug|Any CPU.Build.0 = Debug|Any CPU
		{0F4881A7-0782-44BE-93B5-67A660519783}.Debug|ARM.ActiveCfg = Debug|Any CPU
		{0F4881A7-0782-44BE-93B5-67A660519783}.Debug|iPhone.ActiveCfg = Debug|Any CPU
		{0F4881A7-0782-44BE-93B5-67A660519783}.Debug|iPhone.Build.0 = Debug|Any CPU
		{0F4881A7-0782-44BE-93B5-67A660519783}.Debug|iPhoneSimulator.ActiveCfg = Debug|Any CPU
		{0F4881A7-0782-44BE-93B5-67A660519783}.Debug|iPhoneSimulator.Build.0 = Debug|Any CPU
		{0F4881A7-0782-44BE-93B5-67A660519783}.Debug|x64.ActiveCfg = Debug|Any CPU
		{0F4881A7-0782-44BE-93B5-67A660519783}.Debug|x86.ActiveCfg = Debug|Any CPU
		{0F4881A7-0782-44BE-93B5-67A660519783}.Release|Any CPU.ActiveCfg = Release|Any CPU
		{0F4881A7-0782-44BE-93B5-67A660519783}.Release|Any CPU.Build.0 = Release|Any CPU
		{0F4881A7-0782-44BE-93B5-67A660519783}.Release|ARM.ActiveCfg = Release|Any CPU
		{0F4881A7-0782-44BE-93B5-67A660519783}.Release|iPhone.ActiveCfg = Release|Any CPU
		{0F4881A7-0782-44BE-93B5-67A660519783}.Release|iPhone.Build.0 = Release|Any CPU
		{0F4881A7-0782-44BE-93B5-67A660519783}.Release|iPhoneSimulator.ActiveCfg = Release|Any CPU
		{0F4881A7-0782-44BE-93B5-67A660519783}.Release|iPhoneSimulator.Build.0 = Release|Any CPU
		{0F4881A7-0782-44BE-93B5-67A660519783}.Release|x64.ActiveCfg = Release|Any CPU
		{0F4881A7-0782-44BE-93B5-67A660519783}.Release|x86.ActiveCfg = Release|Any CPU
		{06BA14A8-1A64-45A5-AA86-9C43FF6476C5}.Debug|Any CPU.ActiveCfg = Debug|Any CPU
		{06BA14A8-1A64-45A5-AA86-9C43FF6476C5}.Debug|Any CPU.Build.0 = Debug|Any CPU
		{06BA14A8-1A64-45A5-AA86-9C43FF6476C5}.Debug|ARM.ActiveCfg = Debug|Any CPU
		{06BA14A8-1A64-45A5-AA86-9C43FF6476C5}.Debug|ARM.Build.0 = Debug|Any CPU
		{06BA14A8-1A64-45A5-AA86-9C43FF6476C5}.Debug|iPhone.ActiveCfg = Debug|Any CPU
		{06BA14A8-1A64-45A5-AA86-9C43FF6476C5}.Debug|iPhone.Build.0 = Debug|Any CPU
		{06BA14A8-1A64-45A5-AA86-9C43FF6476C5}.Debug|iPhoneSimulator.ActiveCfg = Debug|Any CPU
		{06BA14A8-1A64-45A5-AA86-9C43FF6476C5}.Debug|iPhoneSimulator.Build.0 = Debug|Any CPU
		{06BA14A8-1A64-45A5-AA86-9C43FF6476C5}.Debug|x64.ActiveCfg = Debug|Any CPU
		{06BA14A8-1A64-45A5-AA86-9C43FF6476C5}.Debug|x64.Build.0 = Debug|Any CPU
		{06BA14A8-1A64-45A5-AA86-9C43FF6476C5}.Debug|x86.ActiveCfg = Debug|Any CPU
		{06BA14A8-1A64-45A5-AA86-9C43FF6476C5}.Debug|x86.Build.0 = Debug|Any CPU
		{06BA14A8-1A64-45A5-AA86-9C43FF6476C5}.Release|Any CPU.ActiveCfg = Release|Any CPU
		{06BA14A8-1A64-45A5-AA86-9C43FF6476C5}.Release|Any CPU.Build.0 = Release|Any CPU
		{06BA14A8-1A64-45A5-AA86-9C43FF6476C5}.Release|ARM.ActiveCfg = Release|Any CPU
		{06BA14A8-1A64-45A5-AA86-9C43FF6476C5}.Release|ARM.Build.0 = Release|Any CPU
		{06BA14A8-1A64-45A5-AA86-9C43FF6476C5}.Release|iPhone.ActiveCfg = Release|Any CPU
		{06BA14A8-1A64-45A5-AA86-9C43FF6476C5}.Release|iPhone.Build.0 = Release|Any CPU
		{06BA14A8-1A64-45A5-AA86-9C43FF6476C5}.Release|iPhoneSimulator.ActiveCfg = Release|Any CPU
		{06BA14A8-1A64-45A5-AA86-9C43FF6476C5}.Release|iPhoneSimulator.Build.0 = Release|Any CPU
		{06BA14A8-1A64-45A5-AA86-9C43FF6476C5}.Release|x64.ActiveCfg = Release|Any CPU
		{06BA14A8-1A64-45A5-AA86-9C43FF6476C5}.Release|x64.Build.0 = Release|Any CPU
		{06BA14A8-1A64-45A5-AA86-9C43FF6476C5}.Release|x86.ActiveCfg = Release|Any CPU
		{06BA14A8-1A64-45A5-AA86-9C43FF6476C5}.Release|x86.Build.0 = Release|Any CPU
		{AE3962E9-042D-4BE9-B0C8-8177BDCBA79F}.Debug|Any CPU.ActiveCfg = Debug|x86
		{AE3962E9-042D-4BE9-B0C8-8177BDCBA79F}.Debug|ARM.ActiveCfg = Debug|ARM
		{AE3962E9-042D-4BE9-B0C8-8177BDCBA79F}.Debug|ARM.Build.0 = Debug|ARM
		{AE3962E9-042D-4BE9-B0C8-8177BDCBA79F}.Debug|ARM.Deploy.0 = Debug|ARM
		{AE3962E9-042D-4BE9-B0C8-8177BDCBA79F}.Debug|iPhone.ActiveCfg = Debug|x86
		{AE3962E9-042D-4BE9-B0C8-8177BDCBA79F}.Debug|iPhoneSimulator.ActiveCfg = Debug|x86
		{AE3962E9-042D-4BE9-B0C8-8177BDCBA79F}.Debug|x64.ActiveCfg = Debug|x64
		{AE3962E9-042D-4BE9-B0C8-8177BDCBA79F}.Debug|x64.Build.0 = Debug|x64
		{AE3962E9-042D-4BE9-B0C8-8177BDCBA79F}.Debug|x64.Deploy.0 = Debug|x64
		{AE3962E9-042D-4BE9-B0C8-8177BDCBA79F}.Debug|x86.ActiveCfg = Debug|x86
		{AE3962E9-042D-4BE9-B0C8-8177BDCBA79F}.Debug|x86.Build.0 = Debug|x86
		{AE3962E9-042D-4BE9-B0C8-8177BDCBA79F}.Debug|x86.Deploy.0 = Debug|x86
		{AE3962E9-042D-4BE9-B0C8-8177BDCBA79F}.Release|Any CPU.ActiveCfg = Release|x86
		{AE3962E9-042D-4BE9-B0C8-8177BDCBA79F}.Release|ARM.ActiveCfg = Release|ARM
		{AE3962E9-042D-4BE9-B0C8-8177BDCBA79F}.Release|ARM.Build.0 = Release|ARM
		{AE3962E9-042D-4BE9-B0C8-8177BDCBA79F}.Release|ARM.Deploy.0 = Release|ARM
		{AE3962E9-042D-4BE9-B0C8-8177BDCBA79F}.Release|iPhone.ActiveCfg = Release|x86
		{AE3962E9-042D-4BE9-B0C8-8177BDCBA79F}.Release|iPhoneSimulator.ActiveCfg = Release|x86
		{AE3962E9-042D-4BE9-B0C8-8177BDCBA79F}.Release|x64.ActiveCfg = Release|x64
		{AE3962E9-042D-4BE9-B0C8-8177BDCBA79F}.Release|x64.Build.0 = Release|x64
		{AE3962E9-042D-4BE9-B0C8-8177BDCBA79F}.Release|x64.Deploy.0 = Release|x64
		{AE3962E9-042D-4BE9-B0C8-8177BDCBA79F}.Release|x86.ActiveCfg = Release|x86
		{AE3962E9-042D-4BE9-B0C8-8177BDCBA79F}.Release|x86.Build.0 = Release|x86
		{AE3962E9-042D-4BE9-B0C8-8177BDCBA79F}.Release|x86.Deploy.0 = Release|x86
	EndGlobalSection
	GlobalSection(SolutionProperties) = preSolution
		HideSolutionNode = FALSE
	EndGlobalSection
	GlobalSection(NestedProjects) = preSolution
		{7078BCBC-4C6F-4279-BE9A-DD14DAF6B466} = {777BA55A-1C4C-478B-B508-EA5537025799}
		{8B6CFC56-F2A6-4850-AE1C-D15D36D8F60B} = {3120334D-9E9D-4EFC-A71A-7DE9B4BBB2A1}
		{038FA0E3-8CFC-4A17-880A-E30D06B5B3C9} = {3120334D-9E9D-4EFC-A71A-7DE9B4BBB2A1}
		{86468527-8F39-437D-A0E8-F18AA77285D1} = {B9F5B2D3-1044-4881-B80D-7907C147300A}
		{B404E7D1-17BA-485E-99AE-8A2AAF30958F} = {9F533D83-617C-4791-BF50-8CD77C01EA52}
		{982D000B-90E7-48D1-BEF1-6A1CA98159B1} = {9F533D83-617C-4791-BF50-8CD77C01EA52}
		{B472E84F-BA59-40E8-9D1C-C2730AB3FD04} = {402D5C03-17A4-49B9-B22A-4A3E8CAF7184}
		{ABDC0B61-4BCC-49D1-A82E-15EA1B2F8EBE} = {402D5C03-17A4-49B9-B22A-4A3E8CAF7184}
		{5437E751-7B7B-4C76-B04E-8D1802916C9C} = {F3A9F55C-9B92-4034-87A5-81BCC7BE1782}
		{7EFEFAD2-471A-4197-93F1-628BB7A453FC} = {F3A9F55C-9B92-4034-87A5-81BCC7BE1782}
		{9DF89C4C-18AD-41E3-AA49-19A8C0164E7C} = {130408A1-6380-4146-8A7D-D6A54ECC16C5}
		{0F4881A7-0782-44BE-93B5-67A660519783} = {130408A1-6380-4146-8A7D-D6A54ECC16C5}
		{06BA14A8-1A64-45A5-AA86-9C43FF6476C5} = {777BA55A-1C4C-478B-B508-EA5537025799}
		{AE3962E9-042D-4BE9-B0C8-8177BDCBA79F} = {3120334D-9E9D-4EFC-A71A-7DE9B4BBB2A1}
	EndGlobalSection
EndGlobal
